
Microsoft Visual Studio Solution File, Format Version 12.00
# Visual Studio Version 17
VisualStudioVersion = 17.8.34112.27
MinimumVisualStudioVersion = 10.0.40219.1
Project("{9A19103F-16F7-4668-BE54-9A1E7A4F7556}") = "Kesir1", "Kesir1\Kesir1.csproj", "{041FD781-4580-4C04-897B-674C36561C62}"
EndProject
Project("{2150E333-8FDC-42A3-9474-1A3956D46DE8}") = "Solution Items", "Solution Items", "{DFC05CCB-C369-4266-8AD6-250D1A3D0AA1}"
	ProjectSection(SolutionItems) = preProject
		README.md = README.md
	EndProjectSection
EndProject
Project("{9A19103F-16F7-4668-BE54-9A1E7A4F7556}") = "Kesir2", "Kesir2\Kesir2.csproj", "{EDDD03CF-9E79-4189-8F5D-5F1FF5201AC4}"
EndProject
Project("{9A19103F-16F7-4668-BE54-9A1E7A4F7556}") = "Kesir3", "Kesir3\Kesir3.csproj", "{388706AC-87DF-4485-9F88-9124C19DE724}"
EndProject
Project("{9A19103F-16F7-4668-BE54-9A1E7A4F7556}") = "Kesir4", "Kesir4\Kesir4.csproj", "{AAF43DC9-FD07-456F-8610-862E6B31A408}"
EndProject
Project("{9A19103F-16F7-4668-BE54-9A1E7A4F7556}") = "Kesir5", "Kesir5\Kesir5.csproj", "{F34409E5-B6F7-4D89-97F9-A56EE7FDDE93}"
EndProject
Project("{9A19103F-16F7-4668-BE54-9A1E7A4F7556}") = "Vector1", "Vector1\Vector1.csproj", "{EABA4940-57BD-4808-9034-50F175F41C32}"
EndProject
Project("{9A19103F-16F7-4668-BE54-9A1E7A4F7556}") = "Dikdortgen1", "Dikdortgen1\Dikdortgen1.csproj", "{20B1879B-A342-44B7-92C1-6FCF01D83936}"
EndProject
Project("{FAE04EC0-301F-11D3-BF4B-00C04F79EFBC}") = "Banka1", "Banka1\Banka1.csproj", "{7CA41EC1-3A1F-4909-960F-C863D5E1F3F2}"
EndProject
Global
	GlobalSection(SolutionConfigurationPlatforms) = preSolution
		Debug|Any CPU = Debug|Any CPU
		Release|Any CPU = Release|Any CPU
	EndGlobalSection
	GlobalSection(ProjectConfigurationPlatforms) = postSolution
		{041FD781-4580-4C04-897B-674C36561C62}.Debug|Any CPU.ActiveCfg = Debug|Any CPU
		{041FD781-4580-4C04-897B-674C36561C62}.Debug|Any CPU.Build.0 = Debug|Any CPU
		{041FD781-4580-4C04-897B-674C36561C62}.Release|Any CPU.ActiveCfg = Release|Any CPU
		{041FD781-4580-4C04-897B-674C36561C62}.Release|Any CPU.Build.0 = Release|Any CPU
		{EDDD03CF-9E79-4189-8F5D-5F1FF5201AC4}.Debug|Any CPU.ActiveCfg = Debug|Any CPU
		{EDDD03CF-9E79-4189-8F5D-5F1FF5201AC4}.Debug|Any CPU.Build.0 = Debug|Any CPU
		{EDDD03CF-9E79-4189-8F5D-5F1FF5201AC4}.Release|Any CPU.ActiveCfg = Release|Any CPU
		{EDDD03CF-9E79-4189-8F5D-5F1FF5201AC4}.Release|Any CPU.Build.0 = Release|Any CPU
		{388706AC-87DF-4485-9F88-9124C19DE724}.Debug|Any CPU.ActiveCfg = Debug|Any CPU
		{388706AC-87DF-4485-9F88-9124C19DE724}.Debug|Any CPU.Build.0 = Debug|Any CPU
		{388706AC-87DF-4485-9F88-9124C19DE724}.Release|Any CPU.ActiveCfg = Release|Any CPU
		{388706AC-87DF-4485-9F88-9124C19DE724}.Release|Any CPU.Build.0 = Release|Any CPU
		{AAF43DC9-FD07-456F-8610-862E6B31A408}.Debug|Any CPU.ActiveCfg = Debug|Any CPU
		{AAF43DC9-FD07-456F-8610-862E6B31A408}.Debug|Any CPU.Build.0 = Debug|Any CPU
		{AAF43DC9-FD07-456F-8610-862E6B31A408}.Release|Any CPU.ActiveCfg = Release|Any CPU
		{AAF43DC9-FD07-456F-8610-862E6B31A408}.Release|Any CPU.Build.0 = Release|Any CPU
		{F34409E5-B6F7-4D89-97F9-A56EE7FDDE93}.Debug|Any CPU.ActiveCfg = Debug|Any CPU
		{F34409E5-B6F7-4D89-97F9-A56EE7FDDE93}.Debug|Any CPU.Build.0 = Debug|Any CPU
		{F34409E5-B6F7-4D89-97F9-A56EE7FDDE93}.Release|Any CPU.ActiveCfg = Release|Any CPU
		{F34409E5-B6F7-4D89-97F9-A56EE7FDDE93}.Release|Any CPU.Build.0 = Release|Any CPU
		{EABA4940-57BD-4808-9034-50F175F41C32}.Debug|Any CPU.ActiveCfg = Debug|Any CPU
		{EABA4940-57BD-4808-9034-50F175F41C32}.Debug|Any CPU.Build.0 = Debug|Any CPU
		{EABA4940-57BD-4808-9034-50F175F41C32}.Release|Any CPU.ActiveCfg = Release|Any CPU
		{EABA4940-57BD-4808-9034-50F175F41C32}.Release|Any CPU.Build.0 = Release|Any CPU
		{20B1879B-A342-44B7-92C1-6FCF01D83936}.Debug|Any CPU.ActiveCfg = Debug|Any CPU
		{20B1879B-A342-44B7-92C1-6FCF01D83936}.Debug|Any CPU.Build.0 = Debug|Any CPU
		{20B1879B-A342-44B7-92C1-6FCF01D83936}.Release|Any CPU.ActiveCfg = Release|Any CPU
		{20B1879B-A342-44B7-92C1-6FCF01D83936}.Release|Any CPU.Build.0 = Release|Any CPU
		{7CA41EC1-3A1F-4909-960F-C863D5E1F3F2}.Debug|Any CPU.ActiveCfg = Debug|Any CPU
		{7CA41EC1-3A1F-4909-960F-C863D5E1F3F2}.Debug|Any CPU.Build.0 = Debug|Any CPU
		{7CA41EC1-3A1F-4909-960F-C863D5E1F3F2}.Release|Any CPU.ActiveCfg = Release|Any CPU
		{7CA41EC1-3A1F-4909-960F-C863D5E1F3F2}.Release|Any CPU.Build.0 = Release|Any CPU
	EndGlobalSection
	GlobalSection(SolutionProperties) = preSolution
		HideSolutionNode = FALSE
	EndGlobalSection
	GlobalSection(ExtensibilityGlobals) = postSolution
		SolutionGuid = {BFFB49D4-617A-4788-BB5C-AB09FA1EA551}
	EndGlobalSection
EndGlobal
